
Microsoft Visual Studio Solution File, Format Version 12.00
# Visual Studio Version 17
VisualStudioVersion = 17.4.33403.182
MinimumVisualStudioVersion = 10.0.40219.1
Project("{FAE04EC0-301F-11D3-BF4B-00C04F79EFBC}") = "Pizzaria-DS", "Pizzaria-DS\Pizzaria-DS.csproj", "{781BF782-240C-4032-B0D9-84630DC51E21}"
EndProject
Global
	GlobalSection(SolutionConfigurationPlatforms) = preSolution
		Debug|Any CPU = Debug|Any CPU
		Release|Any CPU = Release|Any CPU
	EndGlobalSection
	GlobalSection(ProjectConfigurationPlatforms) = postSolution
		{781BF782-240C-4032-B0D9-84630DC51E21}.Debug|Any CPU.ActiveCfg = Debug|Any CPU
		{781BF782-240C-4032-B0D9-84630DC51E21}.Debug|Any CPU.Build.0 = Debug|Any CPU
		{781BF782-240C-4032-B0D9-84630DC51E21}.Release|Any CPU.ActiveCfg = Release|Any CPU
		{781BF782-240C-4032-B0D9-84630DC51E21}.Release|Any CPU.Build.0 = Release|Any CPU
	EndGlobalSection
	GlobalSection(SolutionProperties) = preSolution
		HideSolutionNode = FALSE
	EndGlobalSection
	GlobalSection(ExtensibilityGlobals) = postSolution
		SolutionGuid = {E7E9167F-B870-4DEC-AC5D-B80628BA7370}
	EndGlobalSection
EndGlobal
